install_repository_dependencies: false
install_resolver_dependencies: false
install_tool_dependencies: false
tool_panel_section_label: FASTA/FASTQ
tools:
- name: seqkit_translate
  owner: iuc
  revisions:
  - 0e0b003c711f
  - c669e8550c46
  tool_panel_section_id: fasta_fastq
  tool_panel_section_label: FASTA/FASTQ
- name: fastqc
  owner: devteam
  revisions:
  - 2c64fded1286
  - 5ec9f6bceaee
  tool_panel_section_id: fasta_fastq
  tool_panel_section_label: FASTA/FASTQ
- name: fastp
  owner: iuc
  revisions:
  - 10678d49d39e
  - 1c183b0a6cfd
  - 25c59c0ceb55
  - 65b93b623c77
  - a626e8c0e1ba
  - c59d48774d03
  - dbf9c561ef29
  - f875da9d433c
  tool_panel_section_id: fasta_fastq
  tool_panel_section_label: FASTA/FASTQ
- name: cutadapt
  owner: lparsons
  revisions:
  - 5eb7e84243f2
  - 80766b36005d
  - 8e264b67a8c0
  tool_panel_section_id: fasta_fastq
  tool_panel_section_label: FASTA/FASTQ
- name: trimmomatic
  owner: pjbriggs
  revisions:
  - b9aaed85cbd1
  tool_panel_section_id: fasta_fastq
  tool_panel_section_label: FASTA/FASTQ
- name: fastq_filter
  owner: devteam
  revisions:
  - '144275714590'
  - ff7d49ec777f
  tool_panel_section_id: fasta_fastq
  tool_panel_section_label: FASTA/FASTQ
- name: prinseq
  owner: iuc
  revisions:
  - 1ee282794de3
  tool_panel_section_id: fasta_fastq
  tool_panel_section_label: FASTA/FASTQ
- name: fastqtofasta
  owner: devteam
  revisions:
  - 4a3e93647a4e
  - ac3fed111eb6
  tool_panel_section_id: fasta_fastq
  tool_panel_section_label: FASTA/FASTQ
- name: fasta_formatter
  owner: devteam
  revisions:
  - 516b97a23d7e
  - e773f1eb16cf
  tool_panel_section_id: fasta_fastq
  tool_panel_section_label: FASTA/FASTQ
- name: fasta_merge_files_and_filter_unique_sequences
  owner: galaxyp
  revisions:
  - f546e7278f04
  tool_panel_section_id: fasta_fastq
  tool_panel_section_label: FASTA/FASTQ
- name: fasta_compute_length
  owner: devteam
  revisions:
  - 5cbde03c1103
  tool_panel_section_id: fasta_fastq
  tool_panel_section_label: FASTA/FASTQ
- name: seqtk
  owner: iuc
  revisions:
  - 8511b6d85fc7
  - a019807f4e67
  tool_panel_section_id: fasta_fastq
  tool_panel_section_label: FASTA/FASTQ
- name: fasta_filter_by_length
  owner: devteam
  revisions:
  - 8cacfcf96a52
  tool_panel_section_id: fasta_fastq
  tool_panel_section_label: FASTA/FASTQ
- name: ncbi_fcs_gx
  owner: iuc
  revisions:
  - 5fe428757fab
  tool_panel_section_id: fasta_fastq
  tool_panel_section_label: FASTA/FASTQ
- name: rdeval
  owner: richard-burhans
  revisions:
  - 37d67c252fed
  - aef1eea2058c
  tool_panel_section_id: fasta_fastq
  tool_panel_section_label: FASTA/FASTQ
- name: gfastats
  owner: bgruening
  revisions:
  - 3ef480892a9f
  - 59150c883ed5
  tool_panel_section_id: fasta_fastq
  tool_panel_section_label: FASTA/FASTQ
- name: fasta_stats
  owner: iuc
  revisions:
  - 0dbb995c7d35
  tool_panel_section_id: fasta_fastq
  tool_panel_section_label: FASTA/FASTQ
