install_repository_dependencies: false
install_resolver_dependencies: false
install_tool_dependencies: false
tools:
- name: qiime2__alignment__mafft
  owner: q2d2
  revisions:
  - 4e9939e79726
  - a8962b34c94e
  - ab62eec0cd2b
  - da8c194c5dc5
  - e02336587671
  - e7746c84c60d
  tool_panel_section_id: qiime_2
  tool_panel_section_label: QIIME 2
- name: qiime2__alignment__mafft_add
  owner: q2d2
  revisions:
  - 3c8af46b66c9
  - 4ea333b09d2c
  - 4fde174f0118
  - 793348b25298
  - b413f3a44b8d
  - d32cbac620eb
  tool_panel_section_id: qiime_2
  tool_panel_section_label: QIIME 2
- name: qiime2__alignment__mask
  owner: q2d2
  revisions:
  - 0a150e6ae9fb
  - 0dac6571621a
  - 2c9fc6d16f81
  - 4facd8fa09a6
  - 58797be8efd4
  - d71423249631
  tool_panel_section_id: qiime_2
  tool_panel_section_label: QIIME 2
- name: qiime2__composition__add_pseudocount
  owner: q2d2
  revisions:
  - 1185eea54073
  - 68d6090cd226
  - 8cc448683483
  - 8d588aa467a7
  - c6780899249e
  - e2822b9553cb
  tool_panel_section_id: qiime_2
  tool_panel_section_label: QIIME 2
- name: qiime2__composition__ancom
  owner: q2d2
  revisions:
  - 3c2b2ca90687
  - 4696fc685d83
  - 6114b42d3e92
  - c59b1d501ecf
  - f90977a357ca
  - fcb75c51072d
  tool_panel_section_id: qiime_2
  tool_panel_section_label: QIIME 2
- name: qiime2__composition__ancombc
  owner: q2d2
  revisions:
  - 1c2fc88c01c9
  - 2d288113a582
  - 46a04223b59c
  - 952686c734e9
  - 9b2a68d3017f
  - b5fa29d13dfe
  tool_panel_section_id: qiime_2
  tool_panel_section_label: QIIME 2
- name: qiime2__composition__tabulate
  owner: q2d2
  revisions:
  - 359aa4321add
  - 397af24f4bb3
  - 600f11a2839d
  - 73f3d2b2ef5d
  - c0c74c592ff7
  - cb1a60431256
  tool_panel_section_id: qiime_2
  tool_panel_section_label: QIIME 2
- name: qiime2__cutadapt__demux_paired
  owner: q2d2
  revisions:
  - 0c5a140e04f3
  - 12dfb163a004
  - 4f5d92bf5022
  - 61d6f9f0a0d7
  - 691d22c2a628
  - d58b93d0a723
  tool_panel_section_id: qiime_2
  tool_panel_section_label: QIIME 2
- name: qiime2__cutadapt__demux_single
  owner: q2d2
  revisions:
  - 37b9ab6237b3
  - 47652cda9695
  - 5fed73dc56b0
  - 6b5ac8e63b57
  - b6b9f569103f
  - d244802d52d0
  tool_panel_section_id: qiime_2
  tool_panel_section_label: QIIME 2
- name: qiime2__cutadapt__trim_paired
  owner: q2d2
  revisions:
  - 190fb8fa90f4
  - 4f340404bbf8
  - 7a93cef64ba7
  - aa7ffb412083
  - beba70e48270
  - e82bd0e0c7ad
  tool_panel_section_id: qiime_2
  tool_panel_section_label: QIIME 2
- name: qiime2__cutadapt__trim_single
  owner: q2d2
  revisions:
  - 1026d5863b7c
  - 5a9171c06d72
  - 8406a2475e85
  - b652bc0bd0ff
  - f37d4f87c868
  - f8d5e0d4dfec
  tool_panel_section_id: qiime_2
  tool_panel_section_label: QIIME 2
- name: qiime2__dada2__denoise_ccs
  owner: q2d2
  revisions:
  - 1eb5c20bf4cf
  - 3e2a146511b0
  - 4d29020147f3
  - 9977f9d23166
  - c0de44a3c93f
  - e73ff752eb45
  tool_panel_section_id: qiime_2
  tool_panel_section_label: QIIME 2
- name: qiime2__dada2__denoise_paired
  owner: q2d2
  revisions:
  - 53a7856cfafc
  - 569b33f54ed0
  - 933b92011b91
  - bbaba1707475
  - efafec3b4e06
  - ff047d5ca265
  tool_panel_section_id: qiime_2
  tool_panel_section_label: QIIME 2
- name: qiime2__dada2__denoise_pyro
  owner: q2d2
  revisions:
  - 1fa5664f9157
  - 4ceff2d8736a
  - 72a77c0fc44b
  - b9c202882848
  - d244cbb520a0
  - d9e75c4f54b9
  tool_panel_section_id: qiime_2
  tool_panel_section_label: QIIME 2
- name: qiime2__dada2__denoise_single
  owner: q2d2
  revisions:
  - 1601b340fb81
  - 1e09dd637eb7
  - 354f63459d37
  - 3c8340e400df
  - be83e72c1ee9
  - e8bc729e0118
  tool_panel_section_id: qiime_2
  tool_panel_section_label: QIIME 2
- name: qiime2__deblur__denoise_other
  owner: q2d2
  revisions:
  - 154377bccc32
  - 1d13002bae6b
  - 816ca3000a39
  - 86e36a2b44b0
  - 987f3e32bc09
  - caba6b5c3f31
  tool_panel_section_id: qiime_2
  tool_panel_section_label: QIIME 2
- name: qiime2__deblur__visualize_stats
  owner: q2d2
  revisions:
  - 2e4eafd6f1f6
  - 3459b9ebf363
  - 9e46d37c994a
  - b341b5eb9681
  - c26614fbf676
  - e62bac3eb4af
  tool_panel_section_id: qiime_2
  tool_panel_section_label: QIIME 2
- name: qiime2__demux__emp_paired
  owner: q2d2
  revisions:
  - 14b64f3aecc0
  - 6acfde3557b4
  - 8edb4dc16d6e
  - 9f0c454cfc67
  - e6540fbc9b50
  - fa47b38a4b6c
  tool_panel_section_id: qiime_2
  tool_panel_section_label: QIIME 2
- name: qiime2__demux__emp_single
  owner: q2d2
  revisions:
  - 0700d9de4f79
  - 335abb486193
  - 89d319dd67f2
  - 8b90ed283fe4
  - 8e01d149bcdb
  - ab32ff3e8409
  tool_panel_section_id: qiime_2
  tool_panel_section_label: QIIME 2
- name: qiime2__demux__filter_samples
  owner: q2d2
  revisions:
  - 4a7e51ec5689
  - 4c13a2d68a2a
  - 7573001162c8
  - 7595f1cbe5b7
  - e3d4217c9a64
  - fa6fb7241903
  tool_panel_section_id: qiime_2
  tool_panel_section_label: QIIME 2
- name: qiime2__demux__subsample_paired
  owner: q2d2
  revisions:
  - 36aa7a55e756
  - 522cc8ebcf4f
  - 669e59a2a229
  - 80dbdff593d3
  - b358fb10943e
  - d6f3e9386701
  tool_panel_section_id: qiime_2
  tool_panel_section_label: QIIME 2
- name: qiime2__demux__subsample_single
  owner: q2d2
  revisions:
  - 12747289fc83
  - 5f29bf108ba3
  - 76384b6b3d90
  - 8199a544a842
  - b3d86150ba46
  - b89c3e29f757
  tool_panel_section_id: qiime_2
  tool_panel_section_label: QIIME 2
- name: qiime2__demux__summarize
  owner: q2d2
  revisions:
  - 1a13e87462a0
  - 222b50c1cb52
  - 7f656fb2e7b6
  - 9d4d7f37ba01
  - a257c2e6b285
  - e058a939e844
  tool_panel_section_id: qiime_2
  tool_panel_section_label: QIIME 2
- name: qiime2__diversity__adonis
  owner: q2d2
  revisions:
  - 28d5145fbbe3
  - 295acb5522c1
  - 4701a5b2b60d
  - 6579a7b08fd6
  - c7b47e0389c4
  - edd438e4c215
  tool_panel_section_id: qiime_2
  tool_panel_section_label: QIIME 2
- name: qiime2__diversity__alpha
  owner: q2d2
  revisions:
  - 15114dfce30e
  - 324ab5e710fa
  - 4033b503ac37
  - 77751b6cb583
  - 81c2b920e481
  - 87b68b482c8e
  tool_panel_section_id: qiime_2
  tool_panel_section_label: QIIME 2
- name: qiime2__diversity__alpha_correlation
  owner: q2d2
  revisions:
  - 1f40041cf946
  - 356a07706de8
  - 534ac3cdb7ef
  - 9235f6a16926
  - 9c7324c4468f
  - de37a8df39ef
  tool_panel_section_id: qiime_2
  tool_panel_section_label: QIIME 2
- name: qiime2__diversity__alpha_group_significance
  owner: q2d2
  revisions:
  - 0465253099bf
  - 074a6c57757a
  - 25b94f589fc8
  - 6698547705c9
  - 6c0a2e0d1c9e
  - 96988c25ca01
  tool_panel_section_id: qiime_2
  tool_panel_section_label: QIIME 2
- name: qiime2__diversity__alpha_phylogenetic
  owner: q2d2
  revisions:
  - 5c0e7186a169
  - 8454d1802ed2
  - ae8ad38c91f3
  - b6e20cd4fd2c
  - ecee2e93b8ff
  - ee712ca8cac8
  tool_panel_section_id: qiime_2
  tool_panel_section_label: QIIME 2
- name: qiime2__diversity__alpha_rarefaction
  owner: q2d2
  revisions:
  - 1a1ad9b61531
  - 22bfda174157
  - 3a8c645430a2
  - 6d56299524df
  - 8f9b4a0f9ae4
  - ed21beb2e60f
  tool_panel_section_id: qiime_2
  tool_panel_section_label: QIIME 2
- name: qiime2__diversity__beta
  owner: q2d2
  revisions:
  - 2bba80b91449
  - 8d0c353e301b
  - 97a8f4d7b51d
  - 9aa038590267
  - b652d07fd0b0
  - eb36fbb83a9d
  tool_panel_section_id: qiime_2
  tool_panel_section_label: QIIME 2
- name: qiime2__diversity__beta_correlation
  owner: q2d2
  revisions:
  - 1ef8665d53bd
  - 2cce6fd3c5c5
  - 2d568787fa99
  - 913fde2097a3
  - 93d88cdf089a
  - dae7b5f58d78
  tool_panel_section_id: qiime_2
  tool_panel_section_label: QIIME 2
- name: qiime2__diversity__beta_group_significance
  owner: q2d2
  revisions:
  - 8f112ef712c3
  - a0d20b8b681e
  - adc5f0fb3c3f
  - ae04ef51094f
  - c09385bff349
  - c499a93403c7
  tool_panel_section_id: qiime_2
  tool_panel_section_label: QIIME 2
- name: qiime2__diversity__beta_phylogenetic
  owner: q2d2
  revisions:
  - 1313ba282b39
  - 2e7aa115e88d
  - 394712a51004
  - 6f129e6127a7
  - 94580f6bb227
  - 9de0fa39f017
  tool_panel_section_id: qiime_2
  tool_panel_section_label: QIIME 2
- name: qiime2__diversity__beta_rarefaction
  owner: q2d2
  revisions:
  - 1506cdb7caad
  - 1ab2573cba43
  - 6b70a31f22ee
  - 725208b2b09e
  - ba17431d7703
  - e49e8e71778a
  tool_panel_section_id: qiime_2
  tool_panel_section_label: QIIME 2
- name: qiime2__diversity__bioenv
  owner: q2d2
  revisions:
  - 0a462171cef9
  - 0f90022f70de
  - 21ca3e4d0f06
  - 229b1223d573
  - 56a0004016a9
  - 897ac0a07708
  tool_panel_section_id: qiime_2
  tool_panel_section_label: QIIME 2
- name: qiime2__diversity__core_metrics
  owner: q2d2
  revisions:
  - 4b8cdacb02f5
  - 61d885730311
  - 703db464b072
  - 88eff88c3e00
  - 896e5020ac46
  - d491f7ce7eeb
  tool_panel_section_id: qiime_2
  tool_panel_section_label: QIIME 2
- name: qiime2__diversity__core_metrics_phylogenetic
  owner: q2d2
  revisions:
  - 38bd36bfb5af
  - 4fe98252a16f
  - 5d6dcbc8ef00
  - 7fc930fc43cf
  - 9d7dd5419c37
  - f4305c66e23d
  tool_panel_section_id: qiime_2
  tool_panel_section_label: QIIME 2
- name: qiime2__diversity__filter_distance_matrix
  owner: q2d2
  revisions:
  - 0068bb2a39ff
  - '366473274326'
  - 40dc453ee8fd
  - 67b434d31e36
  - 6d85ed80f077
  - f26b195f8717
  tool_panel_section_id: qiime_2
  tool_panel_section_label: QIIME 2
- name: qiime2__diversity__mantel
  owner: q2d2
  revisions:
  - 3458413e304e
  - 39109e3921ee
  - 7754be6faea0
  - eb9651cfc29f
  - f0637bd36c6f
  - f5f2c923cda4
  tool_panel_section_id: qiime_2
  tool_panel_section_label: QIIME 2
- name: qiime2__diversity__pcoa
  owner: q2d2
  revisions:
  - 0a6baa36f13c
  - 0b004354dcd2
  - 105648bc06de
  - 93b6e1904c48
  - e8d08c5dec8c
  - f13ed71b6bb2
  tool_panel_section_id: qiime_2
  tool_panel_section_label: QIIME 2
- name: qiime2__diversity__pcoa_biplot
  owner: q2d2
  revisions:
  - 37a3c3468136
  - 41a52cf11f2d
  - 5279c32b6eab
  - 557efc83549c
  - 606be038dfca
  - a262d3792cd2
  tool_panel_section_id: qiime_2
  tool_panel_section_label: QIIME 2
- name: qiime2__diversity__procrustes_analysis
  owner: q2d2
  revisions:
  - 0ac6fda18afb
  - 111d05bd9e0d
  - 6c53d0e60bea
  - 9db8581e20c5
  - be491a2fddd9
  - db458dd840c2
  tool_panel_section_id: qiime_2
  tool_panel_section_label: QIIME 2
- name: qiime2__diversity__tsne
  owner: q2d2
  revisions:
  - 1e30542264c3
  - 2d64681c0e6c
  - 39f3259394a9
  - 6200df7461ae
  - e7a9b459575e
  - eccbb594cd17
  tool_panel_section_id: qiime_2
  tool_panel_section_label: QIIME 2
- name: qiime2__diversity__umap
  owner: q2d2
  revisions:
  - 04c2ed9885d4
  - 32c5fea4831a
  - 5e122d6a9670
  - 9c7d4870e7c2
  - f302618bba77
  - f6650f28cfdd
  tool_panel_section_id: qiime_2
  tool_panel_section_label: QIIME 2
- name: qiime2__diversity_lib__alpha_passthrough
  owner: q2d2
  revisions:
  - 71a10fd28964
  - 86034ce5e0b5
  - 93509f4b48aa
  - 9cdb84be991a
  - d4f160b179f5
  - e1efcd0c6c19
  tool_panel_section_id: qiime_2
  tool_panel_section_label: QIIME 2
- name: qiime2__diversity_lib__beta_passthrough
  owner: q2d2
  revisions:
  - 4f4e558ec21e
  - 66045b02d6c1
  - 66dbb2a55bc5
  - 7bc5ff8456ff
  - 9d4eac2198a0
  - a592ae004989
  tool_panel_section_id: qiime_2
  tool_panel_section_label: QIIME 2
- name: qiime2__diversity_lib__beta_phylogenetic_meta_passthrough
  owner: q2d2
  revisions:
  - 1f01b410d3f2
  - 318dfdd6987d
  - 62c4d6f83cb4
  - 6e591077b4b3
  - a6205ca8caec
  - c692f88fd6ea
  tool_panel_section_id: qiime_2
  tool_panel_section_label: QIIME 2
- name: qiime2__diversity_lib__beta_phylogenetic_passthrough
  owner: q2d2
  revisions:
  - 423e0a6e9a1f
  - 5ab19b2ef7d8
  - 5e5c3b5ab572
  - 7aa3b7b60718
  - 954538b42388
  - dc43869f7657
  tool_panel_section_id: qiime_2
  tool_panel_section_label: QIIME 2
- name: qiime2__diversity_lib__bray_curtis
  owner: q2d2
  revisions:
  - 0eaad02b5b0b
  - 310c517fdae7
  - 464407f09f5b
  - 82046a5bb300
  - 84b38b24a50e
  - b007e2c3c08b
  tool_panel_section_id: qiime_2
  tool_panel_section_label: QIIME 2
- name: qiime2__diversity_lib__faith_pd
  owner: q2d2
  revisions:
  - 189a5010a63b
  - 49c00aaacd6d
  - 75def7f03560
  - 95a57e43fe83
  - f08636f56fd7
  - f3e3dfe874f0
  tool_panel_section_id: qiime_2
  tool_panel_section_label: QIIME 2
- name: qiime2__diversity_lib__jaccard
  owner: q2d2
  revisions:
  - 1c3478cdc0db
  - 4cc70acceb6a
  - 58c46e32cff6
  - a7a8b9b1fa1e
  - ba0a86603997
  - df2902af58c1
  tool_panel_section_id: qiime_2
  tool_panel_section_label: QIIME 2
- name: qiime2__diversity_lib__observed_features
  owner: q2d2
  revisions:
  - 0af9de398bbf
  - 19e3205e8206
  - 37e114ead80a
  - 89d7fabc1120
  - b63011c31bdf
  - c75e3e049c2f
  tool_panel_section_id: qiime_2
  tool_panel_section_label: QIIME 2
- name: qiime2__diversity_lib__pielou_evenness
  owner: q2d2
  revisions:
  - 07d9546f3c0f
  - 389fba4362bc
  - 3fff9475b959
  - 70becbb8baf2
  - a8f2491b6f44
  - c31665c5069c
  tool_panel_section_id: qiime_2
  tool_panel_section_label: QIIME 2
- name: qiime2__diversity_lib__shannon_entropy
  owner: q2d2
  revisions:
  - 00420a6149c8
  - 259778bc2545
  - 86209e66e3b3
  - 9e06bb95cbc4
  - b2ccb5709bed
  - c80939f5905d
  tool_panel_section_id: qiime_2
  tool_panel_section_label: QIIME 2
- name: qiime2__diversity_lib__unweighted_unifrac
  owner: q2d2
  revisions:
  - 042c2da01c39
  - 16f6f1bb70df
  - 1fedcbc547b6
  - 2f6249bb5bb3
  - 4b073ff8dfab
  - 5c190c90bab0
  tool_panel_section_id: qiime_2
  tool_panel_section_label: QIIME 2
- name: qiime2__diversity_lib__weighted_unifrac
  owner: q2d2
  revisions:
  - 323580d61448
  - 515dc861c2f6
  - 85f762ce919f
  - a166647c366a
  - dac91f2a6edf
  - f6f101a1e428
  tool_panel_section_id: qiime_2
  tool_panel_section_label: QIIME 2
- name: qiime2__emperor__biplot
  owner: q2d2
  revisions:
  - 4071af7f8b3e
  - 500d81d6d22d
  - 5aced4a38720
  - 60b974644777
  - 953ddf320293
  - c5ffd16c2f87
  tool_panel_section_id: qiime_2
  tool_panel_section_label: QIIME 2
- name: qiime2__emperor__plot
  owner: q2d2
  revisions:
  - 5142eb50d0f1
  - 64a9ebc05ae4
  - 7c9ec8b8b7f8
  - ad8f7d728a95
  - b97cc73761ee
  - fc97edf19d08
  tool_panel_section_id: qiime_2
  tool_panel_section_label: QIIME 2
- name: qiime2__emperor__procrustes_plot
  owner: q2d2
  revisions:
  - 7332848f37ab
  - bd0dbc487394
  - c9fb300cbe5d
  - ccc4efc2be20
  - e2e3685e9ead
  - f1df7a53f802
  tool_panel_section_id: qiime_2
  tool_panel_section_label: QIIME 2
- name: qiime2__feature_classifier__blast
  owner: q2d2
  revisions:
  - 07d2b31e5dea
  - 24b72d60805e
  - a35a5a93a0de
  - c6323c5935e2
  - c6916688ac64
  - f2143eab92d8
  tool_panel_section_id: qiime_2
  tool_panel_section_label: QIIME 2
- name: qiime2__feature_classifier__classify_consensus_blast
  owner: q2d2
  revisions:
  - 0024a2733c77
  - 1a669211cfed
  - 76e30b274923
  - 9bdc8d573d35
  - ea8cf19a6b4e
  - fbead83526a1
  tool_panel_section_id: qiime_2
  tool_panel_section_label: QIIME 2
- name: qiime2__feature_classifier__classify_consensus_vsearch
  owner: q2d2
  revisions:
  - 12b31c42e559
  - 30db102ee928
  - 404caae7aee0
  - d33916702866
  - f40e6da10c03
  - f965e6e951e7
  tool_panel_section_id: qiime_2
  tool_panel_section_label: QIIME 2
- name: qiime2__feature_classifier__classify_hybrid_vsearch_sklearn
  owner: q2d2
  revisions:
  - 26c3d6bc0754
  - 4d9059e67f87
  - 6f3e4b4cd85f
  - 86aee04ba532
  - 8bea0b8ea0b5
  - b57e9ec6c7cb
  tool_panel_section_id: qiime_2
  tool_panel_section_label: QIIME 2
- name: qiime2__feature_classifier__classify_sklearn
  owner: q2d2
  revisions:
  - 6131ad924c9d
  - 771d8be25d7a
  - 83b0feec07cf
  - 9cac0601eb35
  - b5ea3e026b8b
  - eee36ff6529a
  tool_panel_section_id: qiime_2
  tool_panel_section_label: QIIME 2
- name: qiime2__feature_classifier__extract_reads
  owner: q2d2
  revisions:
  - 19337dd7d160
  - 59cc917e6c43
  - 920dbc6886d7
  - 9db411be36ba
  - a1358f6b25af
  - e88709abd32b
  tool_panel_section_id: qiime_2
  tool_panel_section_label: QIIME 2
- name: qiime2__feature_classifier__find_consensus_annotation
  owner: q2d2
  revisions:
  - 4f5ee6c1fd33
  - 4fafff628c81
  - 5d61e1a7bfa5
  - 75bad78b9f49
  - b6121b90c568
  - f1ec8a01bc25
  tool_panel_section_id: qiime_2
  tool_panel_section_label: QIIME 2
- name: qiime2__feature_classifier__fit_classifier_naive_bayes
  owner: q2d2
  revisions:
  - 07f2440927a3
  - 0f26f60d273b
  - 1088a30ad72f
  - 42f3a9cab210
  - 758db0fc9654
  - 7f7768a05405
  tool_panel_section_id: qiime_2
  tool_panel_section_label: QIIME 2
- name: qiime2__feature_classifier__fit_classifier_sklearn
  owner: q2d2
  revisions:
  - 137191c7a16f
  - 39de6b61ab62
  - 8f538ba984d6
  - a66d426ba05b
  - b58536f29139
  - e736fe382938
  tool_panel_section_id: qiime_2
  tool_panel_section_label: QIIME 2
- name: qiime2__feature_classifier__vsearch_global
  owner: q2d2
  revisions:
  - 1a5a5108cb2e
  - 2058da5b95d7
  - 22e1ea2e7868
  - 2d5672f63c37
  - 7ca8ce947d06
  - fd8ee3b7a00b
  tool_panel_section_id: qiime_2
  tool_panel_section_label: QIIME 2
- name: qiime2__feature_table__core_features
  owner: q2d2
  revisions:
  - 0b1424ea3495
  - 3ab02629e494
  - 99489fb3ebae
  - 9c8b1fece8fd
  - 9f6c877867e4
  - d46074b693bd
  tool_panel_section_id: qiime_2
  tool_panel_section_label: QIIME 2
- name: qiime2__feature_table__filter_features
  owner: q2d2
  revisions:
  - 10954feb4893
  - 3847bb58cce7
  - 4190dbce3775
  - 5545c2f27907
  - 80aaf563ad41
  - a4ee4441998f
  - a63fa31b8367
  tool_panel_section_id: qiime_2
  tool_panel_section_label: QIIME 2
- name: qiime2__feature_table__filter_features_conditionally
  owner: q2d2
  revisions:
  - 03a35f7bf38a
  - 1469676328d1
  - 46bc11016e31
  - 6112f57a7245
  - 8cb6512f92c2
  - dbeb5a365844
  tool_panel_section_id: qiime_2
  tool_panel_section_label: QIIME 2
- name: qiime2__feature_table__filter_samples
  owner: q2d2
  revisions:
  - 0597a61cb4b5
  - 1a301c51abd8
  - 552388e54b68
  - 682d957756f9
  - 7f1f03544164
  - ab97e8ef4191
  tool_panel_section_id: qiime_2
  tool_panel_section_label: QIIME 2
- name: qiime2__feature_table__filter_seqs
  owner: q2d2
  revisions:
  - 14bb84c18f3e
  - 8aec6a03bd3f
  - aff2903073ce
  - c6ed847508fe
  - e7b65e8f7e68
  - fec591c0a8b2
  tool_panel_section_id: qiime_2
  tool_panel_section_label: QIIME 2
- name: qiime2__feature_table__group
  owner: q2d2
  revisions:
  - 4acd06f54adc
  - 6bca671e8d47
  - 74d56f1a8848
  - 94617586f2cb
  - 9cdbe2131ba2
  - dfadf6b977d3
  tool_panel_section_id: qiime_2
  tool_panel_section_label: QIIME 2
- name: qiime2__feature_table__heatmap
  owner: q2d2
  revisions:
  - 0235f6ee6b00
  - 1579e3bbdc11
  - 56342a7ffc1c
  - 84941f46775e
  - a8de96a8b8eb
  - c5e2e5d0d5ca
  tool_panel_section_id: qiime_2
  tool_panel_section_label: QIIME 2
- name: qiime2__feature_table__merge
  owner: q2d2
  revisions:
  - 4739cd035af0
  - b5eb47c65e65
  - bbef44c4221b
  - bbf262bb1d96
  - bf3727f84b09
  - ed63719e43f0
  tool_panel_section_id: qiime_2
  tool_panel_section_label: QIIME 2
- name: qiime2__feature_table__merge_seqs
  owner: q2d2
  revisions:
  - 3be5dcb0a170
  - 5cc71e4ddd1c
  - 6d3775f3a859
  - b0a9320437c2
  - b46e5d243a98
  - e881c053d617
  tool_panel_section_id: qiime_2
  tool_panel_section_label: QIIME 2
- name: qiime2__feature_table__merge_taxa
  owner: q2d2
  revisions:
  - 0941b3434b84
  - 0ffd4aef0c59
  - 6ed7639065df
  - a96e86eac4e3
  - dbae2d2beec5
  - ebd22a31a6ca
  tool_panel_section_id: qiime_2
  tool_panel_section_label: QIIME 2
- name: qiime2__feature_table__presence_absence
  owner: q2d2
  revisions:
  - 09b75d1c5e9f
  - 1195ceaecf1e
  - 88b3f5ff20b3
  - 88e8fe4e5593
  - 9133f4809ee1
  - d853b44a37b5
  tool_panel_section_id: qiime_2
  tool_panel_section_label: QIIME 2
- name: qiime2__feature_table__rarefy
  owner: q2d2
  revisions:
  - 029d061dfadd
  - 1f43fb6d2d13
  - 93661434070c
  - 985c7f96ce2a
  - adf22a045073
  - c4c298cf86ff
  tool_panel_section_id: qiime_2
  tool_panel_section_label: QIIME 2
- name: qiime2__feature_table__relative_frequency
  owner: q2d2
  revisions:
  - 46b504ccef4d
  - 60dedc1e1f7c
  - bee177d272d6
  - ddd71de351d9
  - e0ecbe54ffa8
  - eaada56f497a
  tool_panel_section_id: qiime_2
  tool_panel_section_label: QIIME 2
- name: qiime2__feature_table__rename_ids
  owner: q2d2
  revisions:
  - 413b93003f0f
  - 4e756c17f673
  - 8ae8ef4804fa
  - d473dc9e00e2
  - e15626848bdd
  - e662400df0f5
  tool_panel_section_id: qiime_2
  tool_panel_section_label: QIIME 2
- name: qiime2__feature_table__subsample
  owner: q2d2
  revisions:
  - 649a75b79784
  - d32dc747e2dd
  tool_panel_section_id: qiime_2
  tool_panel_section_label: QIIME 2
- name: qiime2__feature_table__summarize
  owner: q2d2
  revisions:
  - 0298280f2bfd
  - 41e9af5ca46b
  - 4d8369756ee6
  - 93efdc769465
  - c7553080ec2e
  - d0f2249afe30
  tool_panel_section_id: qiime_2
  tool_panel_section_label: QIIME 2
- name: qiime2__feature_table__tabulate_seqs
  owner: q2d2
  revisions:
  - 2df6f241b583
  - 38b618d1eb4d
  - a0b9e63b06c7
  - a3a920ac8909
  - c4570ced1d88
  - f85a59f6a6dc
  tool_panel_section_id: qiime_2
  tool_panel_section_label: QIIME 2
- name: qiime2__feature_table__transpose
  owner: q2d2
  revisions:
  - 14196448788e
  - 492edbc22449
  - 8a3e71857c0a
  - a9f37c5a3b3f
  - add1ecd65761
  - da1277b5baa0
  tool_panel_section_id: qiime_2
  tool_panel_section_label: QIIME 2
- name: qiime2__fragment_insertion__classify_otus_experimental
  owner: q2d2
  revisions:
  - 042aaca35af1
  - 62764fe71186
  - 9bf34397fe0a
  - 9f3165bbb183
  - df69ad7bd72e
  - e998fbee3497
  tool_panel_section_id: qiime_2
  tool_panel_section_label: QIIME 2
- name: qiime2__fragment_insertion__filter_features
  owner: q2d2
  revisions:
  - 0cd2b96adce2
  - 4f4a3231e69d
  - 732d8eaa92d0
  - 9f4bb27d311e
  - a752ace26ec1
  - b27d577c13e0
  tool_panel_section_id: qiime_2
  tool_panel_section_label: QIIME 2
- name: qiime2__fragment_insertion__sepp
  owner: q2d2
  revisions:
  - 2e86638386e2
  - 3d97bd4f5a7b
  - 4342c148f53e
  - 480f1f48ffea
  - a74f06287b8c
  - b102c0399031
  tool_panel_section_id: qiime_2
  tool_panel_section_label: QIIME 2
- name: qiime2__gneiss__assign_ids
  owner: q2d2
  revisions:
  - 3b50918cb7ec
  - dc55b54f3fac
  tool_panel_section_id: qiime_2
  tool_panel_section_label: QIIME 2
- name: qiime2__gneiss__correlation_clustering
  owner: q2d2
  revisions:
  - 863dfa520024
  - ca5a3976d699
  tool_panel_section_id: qiime_2
  tool_panel_section_label: QIIME 2
- name: qiime2__gneiss__dendrogram_heatmap
  owner: q2d2
  revisions:
  - 78bd3306c2d5
  - ec24bc691af1
  tool_panel_section_id: qiime_2
  tool_panel_section_label: QIIME 2
- name: qiime2__gneiss__gradient_clustering
  owner: q2d2
  revisions:
  - 1aeb0c093631
  - 76fb7a319e4f
  tool_panel_section_id: qiime_2
  tool_panel_section_label: QIIME 2
- name: qiime2__gneiss__ilr_hierarchical
  owner: q2d2
  revisions:
  - 4dacbd452535
  - d0feca181800
  tool_panel_section_id: qiime_2
  tool_panel_section_label: QIIME 2
- name: qiime2__gneiss__ilr_phylogenetic
  owner: q2d2
  revisions:
  - 742e0648a108
  - b2f1851509f6
  tool_panel_section_id: qiime_2
  tool_panel_section_label: QIIME 2
- name: qiime2__gneiss__ilr_phylogenetic_differential
  owner: q2d2
  revisions:
  - 9dedc5b9b732
  - f37156e185ea
  tool_panel_section_id: qiime_2
  tool_panel_section_label: QIIME 2
- name: qiime2__gneiss__ilr_phylogenetic_ordination
  owner: q2d2
  revisions:
  - f55de040b84c
  - f9e75fc8334b
  tool_panel_section_id: qiime_2
  tool_panel_section_label: QIIME 2
- name: qiime2__longitudinal__anova
  owner: q2d2
  revisions:
  - 4df0cd029add
  - 649a6f5a7ff8
  - b8863095f1a9
  - c884dc776645
  - ec4e85d3e470
  - ff77cadbffd4
  tool_panel_section_id: qiime_2
  tool_panel_section_label: QIIME 2
- name: qiime2__longitudinal__feature_volatility
  owner: q2d2
  revisions:
  - 24d37c376657
  - 4be01a151df1
  - 5a619fceee59
  - d0c1032c407b
  - e2fd93e4e3f7
  - ecc06a63663d
  tool_panel_section_id: qiime_2
  tool_panel_section_label: QIIME 2
- name: qiime2__longitudinal__first_differences
  owner: q2d2
  revisions:
  - 005546da41b3
  - 2cb105e00a71
  - 34b713fc4356
  - 372affefd8a3
  - 83b630da280f
  - ff88523d6c19
  tool_panel_section_id: qiime_2
  tool_panel_section_label: QIIME 2
- name: qiime2__longitudinal__first_distances
  owner: q2d2
  revisions:
  - 27d6ec9e6cf7
  - 2c445317c0c1
  - 405565578b7c
  - 83b0a04db957
  - 9adb9cf55960
  - 9c84d0f2f236
  tool_panel_section_id: qiime_2
  tool_panel_section_label: QIIME 2
- name: qiime2__longitudinal__linear_mixed_effects
  owner: q2d2
  revisions:
  - 01648b9936bf
  - 2f4d65c8cfc0
  - 3e1fbb7cfcf8
  - 49b853a572ca
  - d10f755328ea
  - dfa1b9145676
  tool_panel_section_id: qiime_2
  tool_panel_section_label: QIIME 2
- name: qiime2__longitudinal__maturity_index
  owner: q2d2
  revisions:
  - 1945315814fc
  - 440d5bfda88c
  - a3a6a13accb4
  - c1ce31c7b91f
  - d52f4bfb42d0
  - de136358be79
  tool_panel_section_id: qiime_2
  tool_panel_section_label: QIIME 2
- name: qiime2__longitudinal__nmit
  owner: q2d2
  revisions:
  - 2500b1578ba9
  - 4facf6ad69be
  - 738ef153dcb1
  - 7df235e8ffee
  - c6e586706e38
  - c9b7113bf8f1
  tool_panel_section_id: qiime_2
  tool_panel_section_label: QIIME 2
- name: qiime2__longitudinal__pairwise_differences
  owner: q2d2
  revisions:
  - 069b6f81c2c8
  - 0dfb83493dcb
  - 2a35d9c0b3d7
  - 82847cdbf7fd
  - f38a94d12951
  - f4eea9fd94e2
  tool_panel_section_id: qiime_2
  tool_panel_section_label: QIIME 2
- name: qiime2__longitudinal__pairwise_distances
  owner: q2d2
  revisions:
  - 0fd8e8542365
  - 3ea4b3a7cd98
  - 58067e34dc76
  - 7fc5d8fc4c4a
  - ab8727358817
  - c02040f48a72
  tool_panel_section_id: qiime_2
  tool_panel_section_label: QIIME 2
- name: qiime2__longitudinal__plot_feature_volatility
  owner: q2d2
  revisions:
  - 01cff64c80d4
  - 1a9474d0391a
  - 2b93f7a91399
  - 2b9f0231bebb
  - 2d8372066cd4
  - 5d155150e8de
  tool_panel_section_id: qiime_2
  tool_panel_section_label: QIIME 2
- name: qiime2__longitudinal__volatility
  owner: q2d2
  revisions:
  - 3951cbee8459
  - 646d4929b1ea
  - 6873643e4779
  - 9bd79ac5d5a9
  - bb6ec39e5c79
  - bea0cdf2d9c8
  tool_panel_section_id: qiime_2
  tool_panel_section_label: QIIME 2
- name: qiime2__metadata__distance_matrix
  owner: q2d2
  revisions:
  - 47d297960b53
  - '489568308331'
  - 5305caf97a38
  - 60705b97ad22
  - 855d0a9bc79c
  - a75c3ed80cff
  tool_panel_section_id: qiime_2
  tool_panel_section_label: QIIME 2
- name: qiime2__metadata__shuffle_groups
  owner: q2d2
  revisions:
  - 224daabc19ab
  - 43a3fcc65825
  - 69c87f602b5a
  - 7d80bc1c73aa
  - c40e092b597b
  - d310fdba1caf
  tool_panel_section_id: qiime_2
  tool_panel_section_label: QIIME 2
- name: qiime2__metadata__tabulate
  owner: q2d2
  revisions:
  - 40c226302c86
  - 692bb81f7f1e
  - 8bf2391cf240
  - 92bb3663bb96
  - 9857be21dcaf
  - f6763a86190b
  tool_panel_section_id: qiime_2
  tool_panel_section_label: QIIME 2
- name: qiime2__phylogeny__align_to_tree_mafft_fasttree
  owner: q2d2
  revisions:
  - 1eae9d13a91e
  - 3200ba93ca77
  - 43e5dd36de74
  - b252342b97a5
  - b552bc376487
  - f1942b6ece7c
  tool_panel_section_id: qiime_2
  tool_panel_section_label: QIIME 2
- name: qiime2__phylogeny__align_to_tree_mafft_iqtree
  owner: q2d2
  revisions:
  - 0991e282a789
  - 23d03d969e3f
  - 9f7b98404a1f
  - abdee16863d9
  - ec98b720efc9
  - ed4ab852f350
  tool_panel_section_id: qiime_2
  tool_panel_section_label: QIIME 2
- name: qiime2__phylogeny__align_to_tree_mafft_raxml
  owner: q2d2
  revisions:
  - 5d20cf180904
  - 62e2e0c60e14
  - 94f6ae67f942
  - c1018e6b9e55
  - dd2f2e2a78dd
  - e534f88ab7bd
  tool_panel_section_id: qiime_2
  tool_panel_section_label: QIIME 2
- name: qiime2__phylogeny__fasttree
  owner: q2d2
  revisions:
  - 03920b01d7b9
  - 130d1647cc1b
  - 139fe749b0e5
  - 54e234742860
  - be40a789ee10
  - f55b87df371b
  tool_panel_section_id: qiime_2
  tool_panel_section_label: QIIME 2
- name: qiime2__phylogeny__filter_table
  owner: q2d2
  revisions:
  - 1483617982b9
  - 3042b2e32868
  - 4b5eb2ac46bc
  - 63f054c1fce2
  - c5b7513c7a85
  - fa11896bafbb
  tool_panel_section_id: qiime_2
  tool_panel_section_label: QIIME 2
- name: qiime2__phylogeny__filter_tree
  owner: q2d2
  revisions:
  - 2a19e706b950
  - 2f35a9736467
  - 42b0db809909
  - 5f4032d783ff
  - 818d20c622ed
  - d24d147a225d
  tool_panel_section_id: qiime_2
  tool_panel_section_label: QIIME 2
- name: qiime2__phylogeny__iqtree
  owner: q2d2
  revisions:
  - 115edc5f53e7
  - 1e329aa80658
  - 77c94392c3e8
  - 931254bf17a4
  - b124e57694c3
  - e6c24d76366b
  tool_panel_section_id: qiime_2
  tool_panel_section_label: QIIME 2
- name: qiime2__phylogeny__iqtree_ultrafast_bootstrap
  owner: q2d2
  revisions:
  - 27eca41291df
  - 28ef140b35ce
  - 62250c2786e5
  - 9992ba830384
  - caa6e396efc4
  - e682a7a080a0
  tool_panel_section_id: qiime_2
  tool_panel_section_label: QIIME 2
- name: qiime2__phylogeny__midpoint_root
  owner: q2d2
  revisions:
  - 0a0e30476122
  - 2a58fba2eb04
  - 2de661df7aa8
  - d200ecb7eaf5
  - dec5adad44b4
  - f00f9d2b6acb
  tool_panel_section_id: qiime_2
  tool_panel_section_label: QIIME 2
- name: qiime2__phylogeny__raxml
  owner: q2d2
  revisions:
  - 0cec778b9465
  - 1f553c9cc99e
  - 3f3dfbf2818b
  - 6f7c4386f0ce
  - a40eb1afbd0f
  - f5f46f8e90f5
  tool_panel_section_id: qiime_2
  tool_panel_section_label: QIIME 2
- name: qiime2__phylogeny__raxml_rapid_bootstrap
  owner: q2d2
  revisions:
  - 1666e7212a8b
  - 444a88ecf0d8
  - 9d523344e9fb
  - 9e253cbabb83
  - a47dc629c367
  - b75fbaa44819
  tool_panel_section_id: qiime_2
  tool_panel_section_label: QIIME 2
- name: qiime2__phylogeny__robinson_foulds
  owner: q2d2
  revisions:
  - 48893627c8f9
  - 4b5ea6850212
  - 5fb18930a718
  - abe6db32295f
  - b2f479ae617f
  - da82df33868e
  tool_panel_section_id: qiime_2
  tool_panel_section_label: QIIME 2
- name: qiime2__quality_control__bowtie2_build
  owner: q2d2
  revisions:
  - 085611a6a3c7
  - 12eb35874f85
  - 3a464de609d5
  - 9b1cb8c8842d
  - d03a538e7f15
  - dc6b98098f4f
  tool_panel_section_id: qiime_2
  tool_panel_section_label: QIIME 2
- name: qiime2__quality_control__evaluate_composition
  owner: q2d2
  revisions:
  - 5357caeb7c22
  - 56f480627ce8
  - 8f17025fb019
  - c08e850ea0df
  - c3428af35512
  - d9c71e139c9b
  tool_panel_section_id: qiime_2
  tool_panel_section_label: QIIME 2
- name: qiime2__quality_control__evaluate_seqs
  owner: q2d2
  revisions:
  - 419bdbd7375e
  - 4d3670c5d547
  - 63b1c4ade428
  - 7f6c6e75ad0d
  - b219a5f076a9
  - f45d42427237
  tool_panel_section_id: qiime_2
  tool_panel_section_label: QIIME 2
- name: qiime2__quality_control__evaluate_taxonomy
  owner: q2d2
  revisions:
  - 2562e48bdb2b
  - 2719c0bf3bd7
  - 324ea0a40d05
  - 6ac8433f95ec
  - 77d8e3a550c9
  - 8e6a404fb338
  tool_panel_section_id: qiime_2
  tool_panel_section_label: QIIME 2
- name: qiime2__quality_control__exclude_seqs
  owner: q2d2
  revisions:
  - 03c51a04d74c
  - 505d6f366518
  - 895060360adc
  - d325b51a7a0f
  - f2f323297c66
  - f697a0b6a702
  tool_panel_section_id: qiime_2
  tool_panel_section_label: QIIME 2
- name: qiime2__quality_control__filter_reads
  owner: q2d2
  revisions:
  - 8ea205bf4e7b
  - afa26637a1b8
  - bb1d6b8b06a8
  - d3f25b91679b
  - f13a41d2295e
  - f730b55fe13b
  tool_panel_section_id: qiime_2
  tool_panel_section_label: QIIME 2
- name: qiime2__quality_filter__q_score
  owner: q2d2
  revisions:
  - 2c4de53c8903
  - 2eb4241ccb54
  - 5b1a8a2ec0a5
  - 9f0f673e6ea0
  - c893dd688543
  - d786401d6619
  tool_panel_section_id: qiime_2
  tool_panel_section_label: QIIME 2
- name: qiime2__sample_classifier__classify_samples
  owner: q2d2
  revisions:
  - 038d839c691f
  - 5b705adb0526
  - 6c18cbbf0f5b
  - cfd6952cf0c9
  - e5daff8f4e9e
  - e6df54d762ac
  tool_panel_section_id: qiime_2
  tool_panel_section_label: QIIME 2
- name: qiime2__sample_classifier__classify_samples_from_dist
  owner: q2d2
  revisions:
  - 5f37765a9e5e
  - 82b539cf4e59
  - 871a0738c883
  - a4fd6a2a6e80
  - da06a9b29ebc
  - f53151bf76b3
  tool_panel_section_id: qiime_2
  tool_panel_section_label: QIIME 2
- name: qiime2__sample_classifier__classify_samples_ncv
  owner: q2d2
  revisions:
  - 1e5c17a581be
  - 5d64e3c232ca
  - 8ab60282cf94
  - 937d0b4d8083
  - 9c6128727a71
  - ab96421e61c5
  tool_panel_section_id: qiime_2
  tool_panel_section_label: QIIME 2
- name: qiime2__sample_classifier__confusion_matrix
  owner: q2d2
  revisions:
  - 1cf5e70cd6b5
  - 23efa65f2a74
  - 3164358cd72f
  - 350ccc095dab
  - 37d091c9f5ce
  - c3126bbd64e4
  tool_panel_section_id: qiime_2
  tool_panel_section_label: QIIME 2
- name: qiime2__sample_classifier__fit_classifier
  owner: q2d2
  revisions:
  - 2116b939ff07
  - 346c58898c4f
  - 5d635c20fa90
  - 71cd01b7a74f
  - 9027e5be16da
  - bcd13449c2d5
  tool_panel_section_id: qiime_2
  tool_panel_section_label: QIIME 2
- name: qiime2__sample_classifier__fit_regressor
  owner: q2d2
  revisions:
  - 43fcd8fc5cb2
  - 5ff252c32c34
  - 767dcee7c5c3
  - c0aa54edd09e
  - e44450046a90
  - ed9dfc9e5e9a
  tool_panel_section_id: qiime_2
  tool_panel_section_label: QIIME 2
- name: qiime2__sample_classifier__heatmap
  owner: q2d2
  revisions:
  - 145c578578ef
  - 3868f59bdab8
  - 669259fa60f9
  - 9d8119a198b0
  - c8a9c7b66934
  - e2c3a69905fe
  tool_panel_section_id: qiime_2
  tool_panel_section_label: QIIME 2
- name: qiime2__sample_classifier__metatable
  owner: q2d2
  revisions:
  - 63930077c13a
  - 905113a20ca7
  - 9e75d09f0dd7
  - e4a5794fc6dd
  - f03200f2248b
  - f58e813e201d
  tool_panel_section_id: qiime_2
  tool_panel_section_label: QIIME 2
- name: qiime2__sample_classifier__predict_classification
  owner: q2d2
  revisions:
  - 15c9178c2b50
  - 2ce80ad95d2a
  - 555cb8da4688
  - 87a9833db662
  - 8efd4ae79026
  - c9198aa034be
  tool_panel_section_id: qiime_2
  tool_panel_section_label: QIIME 2
- name: qiime2__sample_classifier__predict_regression
  owner: q2d2
  revisions:
  - 28ae84f5ca57
  - 87023c8f07e2
  - b615e7adb4a9
  - cb01bdeace09
  - d9cef47d5932
  - e0913981ccc4
  tool_panel_section_id: qiime_2
  tool_panel_section_label: QIIME 2
- name: qiime2__sample_classifier__regress_samples
  owner: q2d2
  revisions:
  - 028961beb681
  - 3177500c29ae
  - 7d56c6806c36
  - a400ec06bae3
  - f1c047f2736b
  - fc1a36831fcd
  tool_panel_section_id: qiime_2
  tool_panel_section_label: QIIME 2
- name: qiime2__sample_classifier__regress_samples_ncv
  owner: q2d2
  revisions:
  - b6363d2b0758
  - c468c032ee23
  - f4e0ae35393f
  - fba2a1dc2e30
  - fbc1810cb832
  - fc42b9f62d2b
  tool_panel_section_id: qiime_2
  tool_panel_section_label: QIIME 2
- name: qiime2__sample_classifier__scatterplot
  owner: q2d2
  revisions:
  - 1d0027a2d7fa
  - 22e510854bb2
  - 3a8e6a8284df
  - 65ad7be12802
  - 880fd4eb20e2
  - b2a04cea7140
  tool_panel_section_id: qiime_2
  tool_panel_section_label: QIIME 2
- name: qiime2__sample_classifier__split_table
  owner: q2d2
  revisions:
  - 102320d08d9e
  - 3dfc1a5ca1c1
  - a3f644e241e6
  - b0af6d277910
  - b3fdc6dd0eab
  - e14a0ee1d000
  tool_panel_section_id: qiime_2
  tool_panel_section_label: QIIME 2
- name: qiime2__sample_classifier__summarize
  owner: q2d2
  revisions:
  - 49857187c4b2
  - 5809c88c4e4a
  - 8fa73ff177a2
  - 96543d2f2217
  - b85f0fe49b56
  - e56a7f3e8b05
  tool_panel_section_id: qiime_2
  tool_panel_section_label: QIIME 2
- name: qiime2__taxa__barplot
  owner: q2d2
  revisions:
  - 3da2f87501ee
  - 3fa5e4d759dc
  - 5750bac5b744
  - 8f3f08228c59
  - d29295070ccd
  - de8d109b6f3d
  tool_panel_section_id: qiime_2
  tool_panel_section_label: QIIME 2
- name: qiime2__taxa__collapse
  owner: q2d2
  revisions:
  - 23d79b56bb5c
  - 96d3a6a511bc
  - 9ae5f88dc548
  - b42bb00943a9
  - e8ab6eff4cf8
  - f0f9d9b5095d
  tool_panel_section_id: qiime_2
  tool_panel_section_label: QIIME 2
- name: qiime2__taxa__filter_seqs
  owner: q2d2
  revisions:
  - 15c4e0368ea1
  - 526b35d5a4cd
  - 58975ac028d7
  - 5f0c935ced92
  - 9d2cb6f48d1d
  - c4e992863672
  tool_panel_section_id: qiime_2
  tool_panel_section_label: QIIME 2
- name: qiime2__taxa__filter_table
  owner: q2d2
  revisions:
  - 21ac815b20a1
  - 4d6cd6706bfd
  - a30681a590e1
  - baef54e1b523
  - c9236ca2f9b3
  - ca4a6aa29205
  tool_panel_section_id: qiime_2
  tool_panel_section_label: QIIME 2
- name: qiime2__vsearch__cluster_features_closed_reference
  owner: q2d2
  revisions:
  - 2ccaf5eafe27
  - 89648217a7ef
  - a0016af52cfb
  - bdfd1704be32
  - dd4ab267d0b1
  - ed0fcc8c5f42
  tool_panel_section_id: qiime_2
  tool_panel_section_label: QIIME 2
- name: qiime2__vsearch__cluster_features_de_novo
  owner: q2d2
  revisions:
  - 31b630d08cda
  - 56261d83a803
  - 58d133c81018
  - 93c93d427232
  - a753a1136636
  - ec8f8c2f4d54
  tool_panel_section_id: qiime_2
  tool_panel_section_label: QIIME 2
- name: qiime2__vsearch__cluster_features_open_reference
  owner: q2d2
  revisions:
  - 24bb88850c9f
  - 559d1494e258
  - 576b090ccd63
  - 83c4484cf95e
  - aca054578114
  - df39d339740c
  tool_panel_section_id: qiime_2
  tool_panel_section_label: QIIME 2
- name: qiime2__vsearch__dereplicate_sequences
  owner: q2d2
  revisions:
  - 89cf98a14b38
  - 94ea97eb8d17
  - a88d64fca73e
  - cef06e59b345
  - d33fbe0e2c37
  - e4bde84c3ade
  tool_panel_section_id: qiime_2
  tool_panel_section_label: QIIME 2
- name: qiime2__vsearch__fastq_stats
  owner: q2d2
  revisions:
  - 4262dab8e060
  - 627decf9330a
  - 78c22686b7b7
  - 826f1e13fbd1
  - b770f74843a4
  - e1035800aad8
  tool_panel_section_id: qiime_2
  tool_panel_section_label: QIIME 2
- name: qiime2__vsearch__merge_pairs
  owner: q2d2
  revisions:
  - 02137c034346
  - 25550e1dee74
  - 421396209ac3
  - 826db2fbad95
  - b26cb5419c39
  - e20076e29510
  tool_panel_section_id: qiime_2
  tool_panel_section_label: QIIME 2
- name: qiime2__vsearch__uchime_denovo
  owner: q2d2
  revisions:
  - 10cd4c4fdaa7
  - 37c6c368acdd
  - a02a20641fb6
  - b46134de0e4e
  - c328a49a8ebf
  - e74ca9ba4da5
  tool_panel_section_id: qiime_2
  tool_panel_section_label: QIIME 2
- name: qiime2__vsearch__uchime_ref
  owner: q2d2
  revisions:
  - 1b0e65fdda63
  - 74b478765f80
  - 7baf77299428
  - 7d815e8ec62f
  - b1a6337f9f18
  - c6f9527d0b47
  tool_panel_section_id: qiime_2
  tool_panel_section_label: QIIME 2
- name: qiime2_core__tools__export
  owner: q2d2
  revisions:
  - 40bcc0e139fa
  - 61fb1a11e004
  - 6d6617a57925
  - b6e4d26e4e7a
  - d3b1853c4efd
  - f83fcc984626
  tool_panel_section_id: qiime_2
  tool_panel_section_label: QIIME 2
- name: qiime2_core__tools__import
  owner: q2d2
  revisions:
  - 52a1f79f0941
  - 5d9a36073ed6
  - 65ea76686e11
  - 8a0db69428c7
  - 95475922280e
  - b2c99f2353b6
  tool_panel_section_id: qiime_2
  tool_panel_section_label: QIIME 2
- name: qiime2__deblur__denoise_16s
  owner: q2d2
  revisions:
  - 2572fc0f88f2
  - 71201a5b1513
  - 800720bdc5d7
  - 9f0d6eb2339d
  - cb5e12f7c99f
  - fec8b0edda39
  tool_panel_section_id: qiime_2
  tool_panel_section_label: QIIME 2
