tools:
- name: fasta_compute_length
  owner: devteam
  revisions:
  - 7d37cfda8e00
  tool_panel_section_id: fasta/fastq_manipulation
  tool_panel_section_label: FASTA/FASTQ manipulation
  tool_shed_url: toolshed.g2.bx.psu.edu
- name: fasta_to_tabular
  owner: devteam
  revisions:
  - e7ed3c310b74
  tool_panel_section_id: fasta/fastq_manipulation
  tool_panel_section_label: FASTA/FASTQ manipulation
  tool_shed_url: toolshed.g2.bx.psu.edu
- name: fasta_formatter
  owner: devteam
  revisions:
  - 516b97a23d7e
  tool_panel_section_id: fasta/fastq_manipulation
  tool_panel_section_label: FASTA/FASTQ manipulation
  tool_shed_url: toolshed.g2.bx.psu.edu
- name: fastx_reverse_complement
  owner: devteam
  revisions:
  - 177f0621c266
  tool_panel_section_id: fasta/fastq_manipulation
  tool_panel_section_label: FASTA/FASTQ manipulation
  tool_shed_url: toolshed.g2.bx.psu.edu
- name: fastx_trimmer
  owner: devteam
  revisions:
  - 73194cdd4f57
  tool_panel_section_id: fasta/fastq_manipulation
  tool_panel_section_label: FASTA/FASTQ manipulation
  tool_shed_url: toolshed.g2.bx.psu.edu
- name: fastx_renamer
  owner: devteam
  revisions:
  - f984bb114520
  tool_panel_section_id: fasta/fastq_manipulation
  tool_panel_section_label: FASTA/FASTQ manipulation
  tool_shed_url: toolshed.g2.bx.psu.edu
- name: tabular_to_fasta
  owner: devteam
  revisions:
  - 0a7799698fe5
  tool_panel_section_id: fasta/fastq_manipulation
  tool_panel_section_label: FASTA/FASTQ manipulation
  tool_shed_url: toolshed.g2.bx.psu.edu
- name: tabular_to_fastq
  owner: devteam
  revisions:
  - 2dcfbbf9071a
  tool_panel_section_id: fasta/fastq_manipulation
  tool_panel_section_label: FASTA/FASTQ manipulation
  tool_shed_url: toolshed.g2.bx.psu.edu
- name: fastq_to_tabular
  owner: devteam
  revisions:
  - 4b347702c4aa
  tool_panel_section_id: fasta/fastq_manipulation
  tool_panel_section_label: FASTA/FASTQ manipulation
  tool_shed_url: toolshed.g2.bx.psu.edu
- name: fastqtofasta
  owner: devteam
  revisions:
  - 297962e79f39
  tool_panel_section_id: fasta/fastq_manipulation
  tool_panel_section_label: FASTA/FASTQ manipulation
  tool_shed_url: toolshed.g2.bx.psu.edu
- name: fastq_paired_end_deinterlacer
  owner: devteam
  revisions:
  - f3936d0632cb
  tool_panel_section_id: fasta/fastq_manipulation
  tool_panel_section_label: FASTA/FASTQ manipulation
  tool_shed_url: toolshed.g2.bx.psu.edu
- name: fastq_paired_end_interlacer
  owner: devteam
  revisions:
  - 2ccb8dcabddc
  tool_panel_section_id: fasta/fastq_manipulation
  tool_panel_section_label: FASTA/FASTQ manipulation
  tool_shed_url: toolshed.g2.bx.psu.edu
- name: fasta_filter_by_length
  owner: devteam
  revisions:
  - 8cacfcf96a52
  tool_panel_section_id: fasta/fastq_manipulation
  tool_panel_section_label: FASTA/FASTQ manipulation
  tool_shed_url: toolshed.g2.bx.psu.edu
- name: ucsc_fasplit
  owner: iuc
  revisions:
  - bf04bd405d5b
  tool_panel_section_id: fasta/fastq_manipulation
  tool_panel_section_label: FASTA/FASTQ manipulation
  tool_shed_url: toolshed.g2.bx.psu.edu
- name: trimmomatic
  owner: pjbriggs
  revisions:
  - b9aaed85cbd1
  - 32f1f56bd970
  tool_panel_section_id: fasta/fastq_manipulation
  tool_panel_section_label: FASTA/FASTQ manipulation
  tool_shed_url: toolshed.g2.bx.psu.edu
- name: trim_galore
  owner: bgruening
  revisions:
  - cd7e644cae1d
  tool_panel_section_id: fasta/fastq_manipulation
  tool_panel_section_label: FASTA/FASTQ manipulation
  tool_shed_url: toolshed.g2.bx.psu.edu
- name: seqkit_stats
  owner: iuc
  revisions:
  - 54a954ee64d4
  tool_panel_section_id: fasta/fastq_manipulation
  tool_panel_section_label: FASTA/FASTQ manipulation
  tool_shed_url: toolshed.g2.bx.psu.edu
- name: seqtk
  owner: iuc
  revisions:
  - 4b494533146a
  tool_panel_section_id: fasta/fastq_manipulation
  tool_panel_section_label: FASTA/FASTQ manipulation
  tool_shed_url: toolshed.g2.bx.psu.edu
