tools:
- name: re_utils
  owner: petr-novak
  revisions:
  - 91996b991991
  tool_panel_section_id: repeatexplorer_utilities
  tool_panel_section_label: RepeatExplorer utilities
  tool_shed_url: toolshed.g2.bx.psu.edu
- name: long_reads_sampling
  owner: petr-novak
  revisions:
  - 060fc04af21c
  tool_panel_section_id: repeatexplorer_utilities
  tool_panel_section_label: RepeatExplorer utilities
  tool_shed_url: toolshed.g2.bx.psu.edu
